// !$*UTF8*$!
{
	archiveVersion = 1;
	classes = {
	};
	objectVersion = 77;
	objects = {

/* Begin PBXBuildFile section */
		8B2000012FC1A10000D0C0DE /* Supabase in Frameworks */ = {isa = PBXBuildFile; productRef = 8B2000032FC1A10000D0C0DE /* Supabase */; };
/* End PBXBuildFile section */

/* Begin PBXContainerItemProxy section */
		841967CD2FC090F30033B46B /* PBXContainerItemProxy */ = {
			isa = PBXContainerItemProxy;
			containerPortal = 841967B72FC090F20033B46B /* Project object */;
			proxyType = 1;
			remoteGlobalIDString = 841967BE2FC090F20033B46B;
			remoteInfo = VaultDex;
		};
		841967D72FC090F30033B46B /* PBXContainerItemProxy */ = {
			isa = PBXContainerItemProxy;
			containerPortal = 841967B72FC090F20033B46B /* Project object */;
			proxyType = 1;
			remoteGlobalIDString = 841967BE2FC090F20033B46B;
			remoteInfo = VaultDex;
		};
/* End PBXContainerItemProxy section */

/* Begin PBXFileReference section */
		841967BF2FC090F20033B46B /* VaultDex.app */ = {isa = PBXFileReference; explicitFileType = wrapper.application; includeInIndex = 0; path = VaultDex.app; sourceTree = BUILT_PRODUCTS_DIR; };
		841967CC2FC090F30033B46B /* VaultDexTests.xctest */ = {isa = PBXFileReference; explicitFileType = wrapper.cfbundle; includeInIndex = 0; path = VaultDexTests.xctest; sourceTree = BUILT_PRODUCTS_DIR; };
		841967D62FC090F30033B46B /* VaultDexUITests.xctest */ = {isa = PBXFileReference; explicitFileType = wrapper.cfbundle; includeInIndex = 0; path = VaultDexUITests.xctest; sourceTree = BUILT_PRODUCTS_DIR; };
		84820FE02FC0EF3200928DDB /* VaultDex.xcodeproj */ = {isa = PBXFileReference; lastKnownFileType = "wrapper.pb-project"; path = VaultDex.xcodeproj; sourceTree = "<group>"; };
		848210EA2FC1B07300928DDB /* VaultDex.xcodeproj */ = {isa = PBXFileReference; lastKnownFileType = "wrapper.pb-project"; path = VaultDex.xcodeproj; sourceTree = "<group>"; };
		848212252FC4FD0A00928DDB /* VaultDex.xcodeproj */ = {isa = PBXFileReference; lastKnownFileType = "wrapper.pb-project"; path = VaultDex.xcodeproj; sourceTree = "<group>"; };
		8482150E2FC62BD900928DDB /* VaultDex.xcodeproj */ = {isa = PBXFileReference; lastKnownFileType = "wrapper.pb-project"; path = VaultDex.xcodeproj; sourceTree = "<group>"; };
/* End PBXFileReference section */

/* Begin PBXFileSystemSynchronizedBuildFileExceptionSet section */
		8A2F00012FC0B00000D0C0DE /* Exceptions for "." folder in "VaultDex" target */ = {
			isa = PBXFileSystemSynchronizedBuildFileExceptionSet;
			membershipExceptions = (
				VaultDex/Assets.xcassets,
				VaultDex/ContentView.swift,
				VaultDex/VaultDexApp.swift,
				VaultDexTests/VaultDexTests.swift,
				VaultDexUITests/VaultDexUITests.swift,
				VaultDexUITests/VaultDexUITestsLaunchTests.swift,
			);
			target = 841967BE2FC090F20033B46B /* VaultDex */;
		};
/* End PBXFileSystemSynchronizedBuildFileExceptionSet section */

/* Begin PBXFileSystemSynchronizedRootGroup section */
		841967C12FC090F20033B46B /* . */ = {
			isa = PBXFileSystemSynchronizedRootGroup;
			exceptions = (
				8A2F00012FC0B00000D0C0DE /* Exceptions for "." folder in "VaultDex" target */,
			);
			path = .;
			sourceTree = "<group>";
		};
		841967CF2FC090F30033B46B /* VaultDexTests */ = {
			isa = PBXFileSystemSynchronizedRootGroup;
			path = VaultDexTests;
			sourceTree = "<group>";
		};
		841967D92FC090F30033B46B /* VaultDexUITests */ = {
			isa = PBXFileSystemSynchronizedRootGroup;
			path = VaultDexUITests;
			sourceTree = "<group>";
		};
/* End PBXFileSystemSynchronizedRootGroup section */

/* Begin PBXFrameworksBuildPhase section */
		841967BC2FC090F20033B46B /* Frameworks */ = {
			isa = PBXFrameworksBuildPhase;
			buildActionMask = 2147483647;
			files = (
				8B2000012FC1A10000D0C0DE /* Supabase in Frameworks */,
			);
			runOnlyForDeploymentPostprocessing = 0;
		};
		841967C92FC090F30033B46B /* Frameworks */ = {
			isa = PBXFrameworksBuildPhase;
			buildActionMask = 2147483647;
			files = (
			);
			runOnlyForDeploymentPostprocessing = 0;
		};
		841967D32FC090F30033B46B /* Frameworks */ = {
			isa = PBXFrameworksBuildPhase;
			buildActionMask = 2147483647;
			files = (
			);
			runOnlyForDeploymentPostprocessing = 0;
		};
/* End PBXFrameworksBuildPhase section */

/* Begin PBXGroup section */
		841967B62FC090F20033B46B = {
			isa = PBXGroup;
			children = (
				841967C12FC090F20033B46B /* . */,
				841967CF2FC090F30033B46B /* VaultDexTests */,
				841967D92FC090F30033B46B /* VaultDexUITests */,
				841967C02FC090F20033B46B /* Products */,
			);
			sourceTree = "<group>";
		};
		841967C02FC090F20033B46B /* Products */ = {
			isa = PBXGroup;
			children = (
				841967BF2FC090F20033B46B /* VaultDex.app */,
				841967CC2FC090F30033B46B /* VaultDexTests.xctest */,
				841967D62FC090F30033B46B /* VaultDexUITests.xctest */,
			);
			name = Products;
			sourceTree = "<group>";
		};
		84820FE22FC0EF3200928DDB /* Products */ = {
			isa = PBXGroup;
			name = Products;
			sourceTree = "<group>";
		};
		848210EC2FC1B07300928DDB /* Products */ = {
			isa = PBXGroup;
			name = Products;
			sourceTree = "<group>";
		};
		848212272FC4FD0A00928DDB /* Products */ = {
			isa = PBXGroup;
			name = Products;
			sourceTree = "<group>";
		};
		848215102FC62BD900928DDB /* Products */ = {
			isa = PBXGroup;
			name = Products;
			sourceTree = "<group>";
		};
/* End PBXGroup section */

/* Begin PBXNativeTarget section */
		841967BE2FC090F20033B46B /* VaultDex */ = {
			isa = PBXNativeTarget;
			buildConfigurationList = 841967E02FC090F30033B46B /* Build configuration list for PBXNativeTarget "VaultDex" */;
			buildPhases = (
				841967BB2FC090F20033B46B /* Sources */,
				841967BC2FC090F20033B46B /* Frameworks */,
				841967BD2FC090F20033B46B /* Resources */,
			);
			buildRules = (
			);
			dependencies = (
			);
			fileSystemSynchronizedGroups = (
				841967C12FC090F20033B46B /* . */,
			);
			name = VaultDex;
			packageProductDependencies = (
				8B2000032FC1A10000D0C0DE /* Supabase */,
			);
			productName = VaultDex;
			productReference = 841967BF2FC090F20033B46B /* VaultDex.app */;
			productType = "com.apple.product-type.application";
		};
		841967CB2FC090F30033B46B /* VaultDexTests */ = {
			isa = PBXNativeTarget;
			buildConfigurationList = 841967E32FC090F30033B46B /* Build configuration list for PBXNativeTarget "VaultDexTests" */;
			buildPhases = (
				841967C82FC090F30033B46B /* Sources */,
				841967C92FC090F30033B46B /* Frameworks */,
				841967CA2FC090F30033B46B /* Resources */,
			);
			buildRules = (
			);
			dependencies = (
				841967CE2FC090F30033B46B /* PBXTargetDependency */,
			);
			fileSystemSynchronizedGroups = (
				841967CF2FC090F30033B46B /* VaultDexTests */,
			);
			name = VaultDexTests;
			packageProductDependencies = (
			);
			productName = VaultDexTests;
			productReference = 841967CC2FC090F30033B46B /* VaultDexTests.xctest */;
			productType = "com.apple.product-type.bundle.unit-test";
		};
		841967D52FC090F30033B46B /* VaultDexUITests */ = {
			isa = PBXNativeTarget;
			buildConfigurationList = 841967E62FC090F30033B46B /* Build configuration list for PBXNativeTarget "VaultDexUITests" */;
			buildPhases = (
				841967D22FC090F30033B46B /* Sources */,
				841967D32FC090F30033B46B /* Frameworks */,
				841967D42FC090F30033B46B /* Resources */,
			);
			buildRules = (
			);
			dependencies = (
				841967D82FC090F30033B46B /* PBXTargetDependency */,
			);
			fileSystemSynchronizedGroups = (
				841967D92FC090F30033B46B /* VaultDexUITests */,
			);
			name = VaultDexUITests;
			packageProductDependencies = (
			);
			productName = VaultDexUITests;
			productReference = 841967D62FC090F30033B46B /* VaultDexUITests.xctest */;
			productType = "com.apple.product-type.bundle.ui-testing";
		};
/* End PBXNativeTarget section */

/* Begin PBXProject section */
		841967B72FC090F20033B46B /* Project object */ = {
			isa = PBXProject;
			attributes = {
				BuildIndependentTargetsInParallel = 1;
				LastSwiftUpdateCheck = 1630;
				LastUpgradeCheck = 1630;
				TargetAttributes = {
					841967BE2FC090F20033B46B = {
						CreatedOnToolsVersion = 16.3;
					};
					841967CB2FC090F30033B46B = {
						CreatedOnToolsVersion = 16.3;
						TestTargetID = 841967BE2FC090F20033B46B;
					};
					841967D52FC090F30033B46B = {
						CreatedOnToolsVersion = 16.3;
						TestTargetID = 841967BE2FC090F20033B46B;
					};
				};
			};
			buildConfigurationList = 841967BA2FC090F20033B46B /* Build configuration list for PBXProject "VaultDex" */;
			developmentRegion = en;
			hasScannedForEncodings = 0;
			knownRegions = (
				en,
				Base,
			);
			mainGroup = 841967B62FC090F20033B46B;
			minimizedProjectReferenceProxies = 1;
			packageReferences = (
				8B2000022FC1A10000D0C0DE /* XCRemoteSwiftPackageReference "supabase-swift" */,
			);
			preferredProjectObjectVersion = 77;
			productRefGroup = 841967C02FC090F20033B46B /* Products */;
			projectDirPath = "";
			projectReferences = (
				{
					ProductGroup = 848212272FC4FD0A00928DDB /* Products */;
					ProjectRef = 848212252FC4FD0A00928DDB /* VaultDex.xcodeproj */;
				},
				{
					ProductGroup = 848210EC2FC1B07300928DDB /* Products */;
					ProjectRef = 848210EA2FC1B07300928DDB /* VaultDex.xcodeproj */;
				},
				{
					ProductGroup = 84820FE22FC0EF3200928DDB /* Products */;
					ProjectRef = 84820FE02FC0EF3200928DDB /* VaultDex.xcodeproj */;
				},
				{
					ProductGroup = 848215102FC62BD900928DDB /* Products */;
					ProjectRef = 8482150E2FC62BD900928DDB /* VaultDex.xcodeproj */;
				},
			);
			projectRoot = "";
			targets = (
				841967BE2FC090F20033B46B /* VaultDex */,
				841967CB2FC090F30033B46B /* VaultDexTests */,
				841967D52FC090F30033B46B /* VaultDexUITests */,
			);
		};
/* End PBXProject section */

/* Begin PBXResourcesBuildPhase section */
		841967BD2FC090F20033B46B /* Resources */ = {
			isa = PBXResourcesBuildPhase;
			buildActionMask = 2147483647;
			files = (
			);
			runOnlyForDeploymentPostprocessing = 0;
		};
		841967CA2FC090F30033B46B /* Resources */ = {
			isa = PBXResourcesBuildPhase;
			buildActionMask = 2147483647;
			files = (
			);
			runOnlyForDeploymentPostprocessing = 0;
		};
		841967D42FC090F30033B46B /* Resources */ = {
			isa = PBXResourcesBuildPhase;
			buildActionMask = 2147483647;
			files = (
			);
			runOnlyForDeploymentPostprocessing = 0;
		};
/* End PBXResourcesBuildPhase section */

/* Begin PBXSourcesBuildPhase section */
		841967BB2FC090F20033B46B /* Sources */ = {
			isa = PBXSourcesBuildPhase;
			buildActionMask = 2147483647;
			files = (
			);
			runOnlyForDeploymentPostprocessing = 0;
		};
		841967C82FC090F30033B46B /* Sources */ = {
			isa = PBXSourcesBuildPhase;
			buildActionMask = 2147483647;
			files = (
			);
			runOnlyForDeploymentPostprocessing = 0;
		};
		841967D22FC090F30033B46B /* Sources */ = {
			isa = PBXSourcesBuildPhase;
			buildActionMask = 2147483647;
			files = (
			);
			runOnlyForDeploymentPostprocessing = 0;
		};
/* End PBXSourcesBuildPhase section */

/* Begin PBXTargetDependency section */
		841967CE2FC090F30033B46B /* PBXTargetDependency */ = {
			isa = PBXTargetDependency;
			target = 841967BE2FC090F20033B46B /* VaultDex */;
			targetProxy = 841967CD2FC090F30033B46B /* PBXContainerItemProxy */;
		};
		841967D82FC090F30033B46B /* PBXTargetDependency */ = {
			isa = PBXTargetDependency;
			target = 841967BE2FC090F20033B46B /* VaultDex */;
			targetProxy = 841967D72FC090F30033B46B /* PBXContainerItemProxy */;
		};
/* End PBXTargetDependency section */

/* Begin XCBuildConfiguration section */
		841967DE2FC090F30033B46B /* Debug */ = {
			isa = XCBuildConfiguration;
			buildSettings = {
				ALWAYS_SEARCH_USER_PATHS = NO;
				ASSETCATALOG_COMPILER_GENERATE_SWIFT_ASSET_SYMBOL_EXTENSIONS = YES;
				CLANG_ANALYZER_NONNULL = YES;
				CLANG_ANALYZER_NUMBER_OBJECT_CONVERSION = YES_AGGRESSIVE;
				CLANG_CXX_LANGUAGE_STANDARD = "gnu++20";
				CLANG_ENABLE_MODULES = YES;
				CLANG_ENABLE_OBJC_ARC = YES;
				CLANG_ENABLE_OBJC_WEAK = YES;
				CLANG_WARN_BLOCK_CAPTURE_AUTORELEASING = YES;
				CLANG_WARN_BOOL_CONVERSION = YES;
				CLANG_WARN_COMMA = YES;
				CLANG_WARN_CONSTANT_CONVERSION = YES;
				CLANG_WARN_DEPRECATED_OBJC_IMPLEMENTATIONS = YES;
				CLANG_WARN_DIRECT_OBJC_ISA_USAGE = YES_ERROR;
				CLANG_WARN_DOCUMENTATION_COMMENTS = YES;
				CLANG_WARN_EMPTY_BODY = YES;
				CLANG_WARN_ENUM_CONVERSION = YES;
				CLANG_WARN_INFINITE_RECURSION = YES;
				CLANG_WARN_INT_CONVERSION = YES;
				CLANG_WARN_NON_LITERAL_NULL_CONVERSION = YES;
				CLANG_WARN_OBJC_IMPLICIT_RETAIN_SELF = YES;
				CLANG_WARN_OBJC_LITERAL_CONVERSION = YES;
				CLANG_WARN_OBJC_ROOT_CLASS = YES_ERROR;
				CLANG_WARN_QUOTED_INCLUDE_IN_FRAMEWORK_HEADER = YES;
				CLANG_WARN_RANGE_LOOP_ANALYSIS = YES;
				CLANG_WARN_STRICT_PROTOTYPES = YES;
				CLANG_WARN_SUSPICIOUS_MOVE = YES;
				CLANG_WARN_UNGUARDED_AVAILABILITY = YES_AGGRESSIVE;
				CLANG_WARN_UNREACHABLE_CODE = YES;
				CLANG_WARN__DUPLICATE_METHOD_MATCH = YES;
				COPY_PHASE_STRIP = NO;
				DEBUG_INFORMATION_FORMAT = dwarf;
				DEVELOPMENT_TEAM = TJ9NQV32CM;
				ENABLE_STRICT_OBJC_MSGSEND = YES;
				ENABLE_TESTABILITY = YES;
				ENABLE_USER_SCRIPT_SANDBOXING = YES;
				GCC_C_LANGUAGE_STANDARD = gnu17;
				GCC_DYNAMIC_NO_PIC = NO;
				GCC_NO_COMMON_BLOCKS = YES;
				GCC_OPTIMIZATION_LEVEL = 0;
				GCC_PREPROCESSOR_DEFINITIONS = (
					"DEBUG=1",
					"$(inherited)",
				);
				GCC_WARN_64_TO_32_BIT_CONVERSION = YES;
				GCC_WARN_ABOUT_RETURN_TYPE = YES_ERROR;
				GCC_WARN_UNDECLARED_SELECTOR = YES;
				GCC_WARN_UNINITIALIZED_AUTOS = YES_AGGRESSIVE;
				GCC_WARN_UNUSED_FUNCTION = YES;
				GCC_WARN_UNUSED_VARIABLE = YES;
				IPHONEOS_DEPLOYMENT_TARGET = 18.4;
				LOCALIZATION_PREFERS_STRING_CATALOGS = YES;
				MTL_ENABLE_DEBUG_INFO = INCLUDE_SOURCE;
				MTL_FAST_MATH = YES;
				ONLY_ACTIVE_ARCH = YES;
				SDKROOT = iphoneos;
				SWIFT_ACTIVE_COMPILATION_CONDITIONS = "DEBUG $(inherited)";
				SWIFT_OPTIMIZATION_LEVEL = "-Onone";
			};
			name = Debug;
		};
		841967DF2FC090F30033B46B /* Release */ = {
			isa = XCBuildConfiguration;
			buildSettings = {
				ALWAYS_SEARCH_USER_PATHS = NO;
				ASSETCATALOG_COMPILER_GENERATE_SWIFT_ASSET_SYMBOL_EXTENSIONS = YES;
				CLANG_ANALYZER_NONNULL = YES;
				CLANG_ANALYZER_NUMBER_OBJECT_CONVERSION = YES_AGGRESSIVE;
				CLANG_CXX_LANGUAGE_STANDARD = "gnu++20";
				CLANG_ENABLE_MODULES = YES;
				CLANG_ENABLE_OBJC_ARC = YES;
				CLANG_ENABLE_OBJC_WEAK = YES;
				CLANG_WARN_BLOCK_CAPTURE_AUTORELEASING = YES;
				CLANG_WARN_BOOL_CONVERSION = YES;
				CLANG_WARN_COMMA = YES;
				CLANG_WARN_CONSTANT_CONVERSION = YES;
				CLANG_WARN_DEPRECATED_OBJC_IMPLEMENTATIONS = YES;
				CLANG_WARN_DIRECT_OBJC_ISA_USAGE = YES_ERROR;
				CLANG_WARN_DOCUMENTATION_COMMENTS = YES;
				CLANG_WARN_EMPTY_BODY = YES;
				CLANG_WARN_ENUM_CONVERSION = YES;
				CLANG_WARN_INFINITE_RECURSION = YES;
				CLANG_WARN_INT_CONVERSION = YES;
				CLANG_WARN_NON_LITERAL_NULL_CONVERSION = YES;
				CLANG_WARN_OBJC_IMPLICIT_RETAIN_SELF = YES;
				CLANG_WARN_OBJC_LITERAL_CONVERSION = YES;
				CLANG_WARN_OBJC_ROOT_CLASS = YES_ERROR;
				CLANG_WARN_QUOTED_INCLUDE_IN_FRAMEWORK_HEADER = YES;
				CLANG_WARN_RANGE_LOOP_ANALYSIS = YES;
				CLANG_WARN_STRICT_PROTOTYPES = YES;
				CLANG_WARN_SUSPICIOUS_MOVE = YES;
				CLANG_WARN_UNGUARDED_AVAILABILITY = YES_AGGRESSIVE;
				CLANG_WARN_UNREACHABLE_CODE = YES;
				CLANG_WARN__DUPLICATE_METHOD_MATCH = YES;
				COPY_PHASE_STRIP = NO;
				DEBUG_INFORMATION_FORMAT = "dwarf-with-dsym";
				DEVELOPMENT_TEAM = TJ9NQV32CM;
				ENABLE_NS_ASSERTIONS = NO;
				ENABLE_STRICT_OBJC_MSGSEND = YES;
				ENABLE_USER_SCRIPT_SANDBOXING = YES;
				GCC_C_LANGUAGE_STANDARD = gnu17;
				GCC_NO_COMMON_BLOCKS = YES;
				GCC_WARN_64_TO_32_BIT_CONVERSION = YES;
				GCC_WARN_ABOUT_RETURN_TYPE = YES_ERROR;
				GCC_WARN_UNDECLARED_SELECTOR = YES;
				GCC_WARN_UNINITIALIZED_AUTOS = YES_AGGRESSIVE;
				GCC_WARN_UNUSED_FUNCTION = YES;
				GCC_WARN_UNUSED_VARIABLE = YES;
				IPHONEOS_DEPLOYMENT_TARGET = 18.4;
				LOCALIZATION_PREFERS_STRING_CATALOGS = YES;
				MTL_ENABLE_DEBUG_INFO = NO;
				MTL_FAST_MATH = YES;
				SDKROOT = iphoneos;
				SWIFT_COMPILATION_MODE = wholemodule;
				VALIDATE_PRODUCT = YES;
			};
			name = Release;
		};
		841967E12FC090F30033B46B /* Debug */ = {
			isa = XCBuildConfiguration;
			buildSettings = {
				ASSETCATALOG_COMPILER_APPICON_NAME = AppIcon;
				ASSETCATALOG_COMPILER_GLOBAL_ACCENT_COLOR_NAME = AccentColor;
				CODE_SIGN_STYLE = Automatic;
				CURRENT_PROJECT_VERSION = 1;
				DEVELOPMENT_TEAM = TJ9NQV32CM;
				ENABLE_PREVIEWS = YES;
				GENERATE_INFOPLIST_FILE = YES;
				INFOPLIST_KEY_NSCameraUsageDescription = "VaultDex uses your camera to scan trading cards and help identify them.";
				INFOPLIST_KEY_NSPhotoLibraryAddUsageDescription = "VaultDex can save selected images for your collector profile.";
				INFOPLIST_KEY_NSPhotoLibraryUsageDescription = "VaultDex lets you choose profile and card photos.";
				INFOPLIST_KEY_UIApplicationSceneManifest_Generation = YES;
				INFOPLIST_KEY_UIApplicationSupportsIndirectInputEvents = YES;
				INFOPLIST_KEY_UILaunchScreen_Generation = YES;
				INFOPLIST_KEY_UISupportedInterfaceOrientations_iPad = "UIInterfaceOrientationPortrait UIInterfaceOrientationPortraitUpsideDown UIInterfaceOrientationLandscapeLeft UIInterfaceOrientationLandscapeRight";
				INFOPLIST_KEY_UISupportedInterfaceOrientations_iPhone = "UIInterfaceOrientationPortrait UIInterfaceOrientationLandscapeLeft UIInterfaceOrientationLandscapeRight";
				LD_RUNPATH_SEARCH_PATHS = (
					"$(inherited)",
					"@executable_path/Frameworks",
				);
				MARKETING_VERSION = 1.0;
				PRODUCT_BUNDLE_IDENTIFIER = ID.VaultDex;
				PRODUCT_NAME = "$(TARGET_NAME)";
				SWIFT_EMIT_LOC_STRINGS = YES;
				SWIFT_VERSION = 5.0;
				TARGETED_DEVICE_FAMILY = "1,2";
			};
			name = Debug;
		};
		841967E22FC090F30033B46B /* Release */ = {
			isa = XCBuildConfiguration;
			buildSettings = {
				ASSETCATALOG_COMPILER_APPICON_NAME = AppIcon;
				ASSETCATALOG_COMPILER_GLOBAL_ACCENT_COLOR_NAME = AccentColor;
				CODE_SIGN_STYLE = Automatic;
				CURRENT_PROJECT_VERSION = 1;
				DEVELOPMENT_TEAM = TJ9NQV32CM;
				ENABLE_PREVIEWS = YES;
				GENERATE_INFOPLIST_FILE = YES;
				INFOPLIST_KEY_NSCameraUsageDescription = "VaultDex uses your camera to scan trading cards and help identify them.";
				INFOPLIST_KEY_NSPhotoLibraryAddUsageDescription = "VaultDex can save selected images for your collector profile.";
				INFOPLIST_KEY_NSPhotoLibraryUsageDescription = "VaultDex lets you choose profile and card photos.";
				INFOPLIST_KEY_UIApplicationSceneManifest_Generation = YES;
				INFOPLIST_KEY_UIApplicationSupportsIndirectInputEvents = YES;
				INFOPLIST_KEY_UILaunchScreen_Generation = YES;
				INFOPLIST_KEY_UISupportedInterfaceOrientations_iPad = "UIInterfaceOrientationPortrait UIInterfaceOrientationPortraitUpsideDown UIInterfaceOrientationLandscapeLeft UIInterfaceOrientationLandscapeRight";
				INFOPLIST_KEY_UISupportedInterfaceOrientations_iPhone = "UIInterfaceOrientationPortrait UIInterfaceOrientationLandscapeLeft UIInterfaceOrientationLandscapeRight";
				LD_RUNPATH_SEARCH_PATHS = (
					"$(inherited)",
					"@executable_path/Frameworks",
				);
				MARKETING_VERSION = 1.0;
				PRODUCT_BUNDLE_IDENTIFIER = ID.VaultDex;
				PRODUCT_NAME = "$(TARGET_NAME)";
				SWIFT_EMIT_LOC_STRINGS = YES;
				SWIFT_VERSION = 5.0;
				TARGETED_DEVICE_FAMILY = "1,2";
			};
			name = Release;
		};
		841967E42FC090F30033B46B /* Debug */ = {
			isa = XCBuildConfiguration;
			buildSettings = {
				BUNDLE_LOADER = "$(TEST_HOST)";
				CODE_SIGN_STYLE = Automatic;
				CURRENT_PROJECT_VERSION = 1;
				DEVELOPMENT_TEAM = TJ9NQV32CM;
				GENERATE_INFOPLIST_FILE = YES;
				IPHONEOS_DEPLOYMENT_TARGET = 18.4;
				MARKETING_VERSION = 1.0;
				PRODUCT_BUNDLE_IDENTIFIER = ID.VaultDexTests;
				PRODUCT_NAME = "$(TARGET_NAME)";
				SWIFT_EMIT_LOC_STRINGS = NO;
				SWIFT_VERSION = 5.0;
				TARGETED_DEVICE_FAMILY = "1,2";
				TEST_HOST = "$(BUILT_PRODUCTS_DIR)/VaultDex.app/$(BUNDLE_EXECUTABLE_FOLDER_PATH)/VaultDex";
			};
			name = Debug;
		};
		841967E52FC090F30033B46B /* Release */ = {
			isa = XCBuildConfiguration;
			buildSettings = {
				BUNDLE_LOADER = "$(TEST_HOST)";
				CODE_SIGN_STYLE = Automatic;
				CURRENT_PROJECT_VERSION = 1;
				DEVELOPMENT_TEAM = TJ9NQV32CM;
				GENERATE_INFOPLIST_FILE = YES;
				IPHONEOS_DEPLOYMENT_TARGET = 18.4;
				MARKETING_VERSION = 1.0;
				PRODUCT_BUNDLE_IDENTIFIER = ID.VaultDexTests;
				PRODUCT_NAME = "$(TARGET_NAME)";
				SWIFT_EMIT_LOC_STRINGS = NO;
				SWIFT_VERSION = 5.0;
				TARGETED_DEVICE_FAMILY = "1,2";
				TEST_HOST = "$(BUILT_PRODUCTS_DIR)/VaultDex.app/$(BUNDLE_EXECUTABLE_FOLDER_PATH)/VaultDex";
			};
			name = Release;
		};
		841967E72FC090F30033B46B /* Debug */ = {
			isa = XCBuildConfiguration;
			buildSettings = {
				CODE_SIGN_STYLE = Automatic;
				CURRENT_PROJECT_VERSION = 1;
				DEVELOPMENT_TEAM = TJ9NQV32CM;
				GENERATE_INFOPLIST_FILE = YES;
				MARKETING_VERSION = 1.0;
				PRODUCT_BUNDLE_IDENTIFIER = ID.VaultDexUITests;
				PRODUCT_NAME = "$(TARGET_NAME)";
				SWIFT_EMIT_LOC_STRINGS = NO;
				SWIFT_VERSION = 5.0;
				TARGETED_DEVICE_FAMILY = "1,2";
				TEST_TARGET_NAME = VaultDex;
			};
			name = Debug;
		};
		841967E82FC090F30033B46B /* Release */ = {
			isa = XCBuildConfiguration;
			buildSettings = {
				CODE_SIGN_STYLE = Automatic;
				CURRENT_PROJECT_VERSION = 1;
				DEVELOPMENT_TEAM = TJ9NQV32CM;
				GENERATE_INFOPLIST_FILE = YES;
				MARKETING_VERSION = 1.0;
				PRODUCT_BUNDLE_IDENTIFIER = ID.VaultDexUITests;
				PRODUCT_NAME = "$(TARGET_NAME)";
				SWIFT_EMIT_LOC_STRINGS = NO;
				SWIFT_VERSION = 5.0;
				TARGETED_DEVICE_FAMILY = "1,2";
				TEST_TARGET_NAME = VaultDex;
			};
			name = Release;
		};
/* End XCBuildConfiguration section */

/* Begin XCConfigurationList section */
		841967BA2FC090F20033B46B /* Build configuration list for PBXProject "VaultDex" */ = {
			isa = XCConfigurationList;
			buildConfigurations = (
				841967DE2FC090F30033B46B /* Debug */,
				841967DF2FC090F30033B46B /* Release */,
			);
			defaultConfigurationIsVisible = 0;
			defaultConfigurationName = Release;
		};
		841967E02FC090F30033B46B /* Build configuration list for PBXNativeTarget "VaultDex" */ = {
			isa = XCConfigurationList;
			buildConfigurations = (
				841967E12FC090F30033B46B /* Debug */,
				841967E22FC090F30033B46B /* Release */,
			);
			defaultConfigurationIsVisible = 0;
			defaultConfigurationName = Release;
		};
		841967E32FC090F30033B46B /* Build configuration list for PBXNativeTarget "VaultDexTests" */ = {
			isa = XCConfigurationList;
			buildConfigurations = (
				841967E42FC090F30033B46B /* Debug */,
				841967E52FC090F30033B46B /* Release */,
			);
			defaultConfigurationIsVisible = 0;
			defaultConfigurationName = Release;
		};
		841967E62FC090F30033B46B /* Build configuration list for PBXNativeTarget "VaultDexUITests" */ = {
			isa = XCConfigurationList;
			buildConfigurations = (
				841967E72FC090F30033B46B /* Debug */,
				841967E82FC090F30033B46B /* Release */,
			);
			defaultConfigurationIsVisible = 0;
			defaultConfigurationName = Release;
		};
/* End XCConfigurationList section */

/* Begin XCRemoteSwiftPackageReference section */
		8B2000022FC1A10000D0C0DE /* XCRemoteSwiftPackageReference "supabase-swift" */ = {
			isa = XCRemoteSwiftPackageReference;
			repositoryURL = "https://github.com/supabase/supabase-swift";
			requirement = {
				kind = upToNextMajorVersion;
				minimumVersion = 2.5.1;
			};
		};
/* End XCRemoteSwiftPackageReference section */

/* Begin XCSwiftPackageProductDependency section */
		8B2000032FC1A10000D0C0DE /* Supabase */ = {
			isa = XCSwiftPackageProductDependency;
			package = 8B2000022FC1A10000D0C0DE /* XCRemoteSwiftPackageReference "supabase-swift" */;
			productName = Supabase;
		};
/* End XCSwiftPackageProductDependency section */
	};
	rootObject = 841967B72FC090F20033B46B /* Project object */;
}
